// !$*UTF8*$!
{
	archiveVersion = 1;
	classes = {
	};
	objectVersion = 55;
	objects = {

/* Begin PBXBuildFile section */
		F191F4A928C3DBC300BFC9AF /* AppDelegate.swift in Sources */ = {isa = PBXBuildFile; fileRef = F191F4A828C3DBC300BFC9AF /* AppDelegate.swift */; };
		F191F4AB28C3DBC300BFC9AF /* SceneDelegate.swift in Sources */ = {isa = PBXBuildFile; fileRef = F191F4AA28C3DBC300BFC9AF /* SceneDelegate.swift */; };
		F191F4AD28C3DBC300BFC9AF /* ViewController.swift in Sources */ = {isa = PBXBuildFile; fileRef = F191F4AC28C3DBC300BFC9AF /* ViewController.swift */; };
		F191F4B028C3DBC300BFC9AF /* Main.storyboard in Resources */ = {isa = PBXBuildFile; fileRef = F191F4AE28C3DBC300BFC9AF /* Main.storyboard */; };
		F191F4B228C3DBC400BFC9AF /* Assets.xcassets in Resources */ = {isa = PBXBuildFile; fileRef = F191F4B128C3DBC400BFC9AF /* Assets.xcassets */; };
		F191F4B528C3DBC400BFC9AF /* LaunchScreen.storyboard in Resources */ = {isa = PBXBuildFile; fileRef = F191F4B328C3DBC400BFC9AF /* LaunchScreen.storyboard */; };
		F191F4BD28C3DCD500BFC9AF /* Board.swift in Sources */ = {isa = PBXBuildFile; fileRef = F191F4BC28C3DCD500BFC9AF /* Board.swift */; };
		F191F4BF28C3DF2E00BFC9AF /* Player.swift in Sources */ = {isa = PBXBuildFile; fileRef = F191F4BE28C3DF2E00BFC9AF /* Player.swift */; };
		F191F4C128C3E1E700BFC9AF /* Move.swift in Sources */ = {isa = PBXBuildFile; fileRef = F191F4C028C3E1E700BFC9AF /* Move.swift */; };
/* End PBXBuildFile section */

/* Begin PBXFileReference section */
		F191F4A528C3DBC300BFC9AF /* FourInARow.app */ = {isa = PBXFileReference; explicitFileType = wrapper.application; includeInIndex = 0; path = FourInARow.app; sourceTree = BUILT_PRODUCTS_DIR; };
		F191F4A828C3DBC300BFC9AF /* AppDelegate.swift */ = {isa = PBXFileReference; lastKnownFileType = sourcecode.swift; path = AppDelegate.swift; sourceTree = "<group>"; };
		F191F4AA28C3DBC300BFC9AF /* SceneDelegate.swift */ = {isa = PBXFileReference; lastKnownFileType = sourcecode.swift; path = SceneDelegate.swift; sourceTree = "<group>"; };
		F191F4AC28C3DBC300BFC9AF /* ViewController.swift */ = {isa = PBXFileReference; lastKnownFileType = sourcecode.swift; path = ViewController.swift; sourceTree = "<group>"; };
		F191F4AF28C3DBC300BFC9AF /* Base */ = {isa = PBXFileReference; lastKnownFileType = file.storyboard; name = Base; path = Base.lproj/Main.storyboard; sourceTree = "<group>"; };
		F191F4B128C3DBC400BFC9AF /* Assets.xcassets */ = {isa = PBXFileReference; lastKnownFileType = folder.assetcatalog; path = Assets.xcassets; sourceTree = "<group>"; };
		F191F4B428C3DBC400BFC9AF /* Base */ = {isa = PBXFileReference; lastKnownFileType = file.storyboard; name = Base; path = Base.lproj/LaunchScreen.storyboard; sourceTree = "<group>"; };
		F191F4B628C3DBC400BFC9AF /* Info.plist */ = {isa = PBXFileReference; lastKnownFileType = text.plist.xml; path = Info.plist; sourceTree = "<group>"; };
		F191F4BC28C3DCD500BFC9AF /* Board.swift */ = {isa = PBXFileReference; lastKnownFileType = sourcecode.swift; path = Board.swift; sourceTree = "<group>"; };
		F191F4BE28C3DF2E00BFC9AF /* Player.swift */ = {isa = PBXFileReference; lastKnownFileType = sourcecode.swift; path = Player.swift; sourceTree = "<group>"; };
		F191F4C028C3E1E700BFC9AF /* Move.swift */ = {isa = PBXFileReference; lastKnownFileType = sourcecode.swift; path = Move.swift; sourceTree = "<group>"; };
/* End PBXFileReference section */

/* Begin PBXFrameworksBuildPhase section */
		F191F4A228C3DBC300BFC9AF /* Frameworks */ = {
			isa = PBXFrameworksBuildPhase;
			buildActionMask = 2147483647;
			files = (
			);
			runOnlyForDeploymentPostprocessing = 0;
		};
/* End PBXFrameworksBuildPhase section */

/* Begin PBXGroup section */
		F191F49C28C3DBC300BFC9AF = {
			isa = PBXGroup;
			children = (
				F191F4A728C3DBC300BFC9AF /* FourInARow */,
				F191F4A628C3DBC300BFC9AF /* Products */,
			);
			sourceTree = "<group>";
		};
		F191F4A628C3DBC300BFC9AF /* Products */ = {
			isa = PBXGroup;
			children = (
				F191F4A528C3DBC300BFC9AF /* FourInARow.app */,
			);
			name = Products;
			sourceTree = "<group>";
		};
		F191F4A728C3DBC300BFC9AF /* FourInARow */ = {
			isa = PBXGroup;
			children = (
				F191F4A828C3DBC300BFC9AF /* AppDelegate.swift */,
				F191F4AA28C3DBC300BFC9AF /* SceneDelegate.swift */,
				F191F4AC28C3DBC300BFC9AF /* ViewController.swift */,
				F191F4BC28C3DCD500BFC9AF /* Board.swift */,
				F191F4BE28C3DF2E00BFC9AF /* Player.swift */,
				F191F4C028C3E1E700BFC9AF /* Move.swift */,
				F191F4AE28C3DBC300BFC9AF /* Main.storyboard */,
				F191F4B128C3DBC400BFC9AF /* Assets.xcassets */,
				F191F4B328C3DBC400BFC9AF /* LaunchScreen.storyboard */,
				F191F4B628C3DBC400BFC9AF /* Info.plist */,
			);
			path = FourInARow;
			sourceTree = "<group>";
		};
/* End PBXGroup section */

/* Begin PBXNativeTarget section */
		F191F4A428C3DBC300BFC9AF /* FourInARow */ = {
			isa = PBXNativeTarget;
			buildConfigurationList = F191F4B928C3DBC400BFC9AF /* Build configuration list for PBXNativeTarget "FourInARow" */;
			buildPhases = (
				F191F4A128C3DBC300BFC9AF /* Sources */,
				F191F4A228C3DBC300BFC9AF /* Frameworks */,
				F191F4A328C3DBC300BFC9AF /* Resources */,
			);
			buildRules = (
			);
			dependencies = (
			);
			name = FourInARow;
			productName = FourInARow;
			productReference = F191F4A528C3DBC300BFC9AF /* FourInARow.app */;
			productType = "com.apple.product-type.application";
		};
/* End PBXNativeTarget section */

/* Begin PBXProject section */
		F191F49D28C3DBC300BFC9AF /* Project object */ = {
			isa = PBXProject;
			attributes = {
				BuildIndependentTargetsInParallel = 1;
				LastSwiftUpdateCheck = 1340;
				LastUpgradeCheck = 1340;
				TargetAttributes = {
					F191F4A428C3DBC300BFC9AF = {
						CreatedOnToolsVersion = 13.4.1;
					};
				};
			};
			buildConfigurationList = F191F4A028C3DBC300BFC9AF /* Build configuration list for PBXProject "FourInARow" */;
			compatibilityVersion = "Xcode 13.0";
			developmentRegion = en;
			hasScannedForEncodings = 0;
			knownRegions = (
				en,
				Base,
			);
			mainGroup = F191F49C28C3DBC300BFC9AF;
			productRefGroup = F191F4A628C3DBC300BFC9AF /* Products */;
			projectDirPath = "";
			projectRoot = "";
			targets = (
				F191F4A428C3DBC300BFC9AF /* FourInARow */,
			);
		};
/* End PBXProject section */

/* Begin PBXResourcesBuildPhase section */
		F191F4A328C3DBC300BFC9AF /* Resources */ = {
			isa = PBXResourcesBuildPhase;
			buildActionMask = 2147483647;
			files = (
				F191F4B528C3DBC400BFC9AF /* LaunchScreen.storyboard in Resources */,
				F191F4B228C3DBC400BFC9AF /* Assets.xcassets in Resources */,
				F191F4B028C3DBC300BFC9AF /* Main.storyboard in Resources */,
			);
			runOnlyForDeploymentPostprocessing = 0;
		};
/* End PBXResourcesBuildPhase section */

/* Begin PBXSourcesBuildPhase section */
		F191F4A128C3DBC300BFC9AF /* Sources */ = {
			isa = PBXSourcesBuildPhase;
			buildActionMask = 2147483647;
			files = (
				F191F4AD28C3DBC300BFC9AF /* ViewController.swift in Sources */,
				F191F4A928C3DBC300BFC9AF /* AppDelegate.swift in Sources */,
				F191F4BD28C3DCD500BFC9AF /* Board.swift in Sources */,
				F191F4BF28C3DF2E00BFC9AF /* Player.swift in Sources */,
				F191F4C128C3E1E700BFC9AF /* Move.swift in Sources */,
				F191F4AB28C3DBC300BFC9AF /* SceneDelegate.swift in Sources */,
			);
			runOnlyForDeploymentPostprocessing = 0;
		};
/* End PBXSourcesBuildPhase section */

/* Begin PBXVariantGroup section */
		F191F4AE28C3DBC300BFC9AF /* Main.storyboard */ = {
			isa = PBXVariantGroup;
			children = (
				F191F4AF28C3DBC300BFC9AF /* Base */,
			);
			name = Main.storyboard;
			sourceTree = "<group>";
		};
		F191F4B328C3DBC400BFC9AF /* LaunchScreen.storyboard */ = {
			isa = PBXVariantGroup;
			children = (
				F191F4B428C3DBC400BFC9AF /* Base */,
			);
			name = LaunchScreen.storyboard;
			sourceTree = "<group>";
		};
/* End PBXVariantGroup section */

/* Begin XCBuildConfiguration section */
		F191F4B728C3DBC400BFC9AF /* Debug */ = {
			isa = XCBuildConfiguration;
			buildSettings = {
				ALWAYS_SEARCH_USER_PATHS = NO;
				CLANG_ANALYZER_NONNULL = YES;
				CLANG_ANALYZER_NUMBER_OBJECT_CONVERSION = YES_AGGRESSIVE;
				CLANG_CXX_LANGUAGE_STANDARD = "gnu++17";
				CLANG_ENABLE_MODULES = YES;
				CLANG_ENABLE_OBJC_ARC = YES;
				CLANG_ENABLE_OBJC_WEAK = YES;
				CLANG_WARN_BLOCK_CAPTURE_AUTORELEASING = YES;
				CLANG_WARN_BOOL_CONVERSION = YES;
				CLANG_WARN_COMMA = YES;
				CLANG_WARN_CONSTANT_CONVERSION = YES;
				CLANG_WARN_DEPRECATED_OBJC_IMPLEMENTATIONS = YES;
				CLANG_WARN_DIRECT_OBJC_ISA_USAGE = YES_ERROR;
				CLANG_WARN_DOCUMENTATION_COMMENTS = YES;
				CLANG_WARN_EMPTY_BODY = YES;
				CLANG_WARN_ENUM_CONVERSION = YES;
				CLANG_WARN_INFINITE_RECURSION = YES;
				CLANG_WARN_INT_CONVERSION = YES;
				CLANG_WARN_NON_LITERAL_NULL_CONVERSION = YES;
				CLANG_WARN_OBJC_IMPLICIT_RETAIN_SELF = YES;
				CLANG_WARN_OBJC_LITERAL_CONVERSION = YES;
				CLANG_WARN_OBJC_ROOT_CLASS = YES_ERROR;
				CLANG_WARN_QUOTED_INCLUDE_IN_FRAMEWORK_HEADER = YES;
				CLANG_WARN_RANGE_LOOP_ANALYSIS = YES;
				CLANG_WARN_STRICT_PROTOTYPES = YES;
				CLANG_WARN_SUSPICIOUS_MOVE = YES;
				CLANG_WARN_UNGUARDED_AVAILABILITY = YES_AGGRESSIVE;
				CLANG_WARN_UNREACHABLE_CODE = YES;
				CLANG_WARN__DUPLICATE_METHOD_MATCH = YES;
				COPY_PHASE_STRIP = NO;
				DEBUG_INFORMATION_FORMAT = dwarf;
				ENABLE_STRICT_OBJC_MSGSEND = YES;
				ENABLE_TESTABILITY = YES;
				GCC_C_LANGUAGE_STANDARD = gnu11;
				GCC_DYNAMIC_NO_PIC = NO;
				GCC_NO_COMMON_BLOCKS = YES;
				GCC_OPTIMIZATION_LEVEL = 0;
				GCC_PREPROCESSOR_DEFINITIONS = (
					"DEBUG=1",
					"$(inherited)",
				);
				GCC_WARN_64_TO_32_BIT_CONVERSION = YES;
				GCC_WARN_ABOUT_RETURN_TYPE = YES_ERROR;
				GCC_WARN_UNDECLARED_SELECTOR = YES;
				GCC_WARN_UNINITIALIZED_AUTOS = YES_AGGRESSIVE;
				GCC_WARN_UNUSED_FUNCTION = YES;
				GCC_WARN_UNUSED_VARIABLE = YES;
				IPHONEOS_DEPLOYMENT_TARGET = 15.5;
				MTL_ENABLE_DEBUG_INFO = INCLUDE_SOURCE;
				MTL_FAST_MATH = YES;
				ONLY_ACTIVE_ARCH = YES;
				SDKROOT = iphoneos;
				SWIFT_ACTIVE_COMPILATION_CONDITIONS = DEBUG;
				SWIFT_OPTIMIZATION_LEVEL = "-Onone";
			};
			name = Debug;
		};
		F191F4B828C3DBC400BFC9AF /* Release */ = {
			isa = XCBuildConfiguration;
			buildSettings = {
				ALWAYS_SEARCH_USER_PATHS = NO;
				CLANG_ANALYZER_NONNULL = YES;
				CLANG_ANALYZER_NUMBER_OBJECT_CONVERSION = YES_AGGRESSIVE;
				CLANG_CXX_LANGUAGE_STANDARD = "gnu++17";
				CLANG_ENABLE_MODULES = YES;
				CLANG_ENABLE_OBJC_ARC = YES;
				CLANG_ENABLE_OBJC_WEAK = YES;
				CLANG_WARN_BLOCK_CAPTURE_AUTORELEASING = YES;
				CLANG_WARN_BOOL_CONVERSION = YES;
				CLANG_WARN_COMMA = YES;
				CLANG_WARN_CONSTANT_CONVERSION = YES;
				CLANG_WARN_DEPRECATED_OBJC_IMPLEMENTATIONS = YES;
				CLANG_WARN_DIRECT_OBJC_ISA_USAGE = YES_ERROR;
				CLANG_WARN_DOCUMENTATION_COMMENTS = YES;
				CLANG_WARN_EMPTY_BODY = YES;
				CLANG_WARN_ENUM_CONVERSION = YES;
				CLANG_WARN_INFINITE_RECURSION = YES;
				CLANG_WARN_INT_CONVERSION = YES;
				CLANG_WARN_NON_LITERAL_NULL_CONVERSION = YES;
				CLANG_WARN_OBJC_IMPLICIT_RETAIN_SELF = YES;
				CLANG_WARN_OBJC_LITERAL_CONVERSION = YES;
				CLANG_WARN_OBJC_ROOT_CLASS = YES_ERROR;
				CLANG_WARN_QUOTED_INCLUDE_IN_FRAMEWORK_HEADER = YES;
				CLANG_WARN_RANGE_LOOP_ANALYSIS = YES;
				CLANG_WARN_STRICT_PROTOTYPES = YES;
				CLANG_WARN_SUSPICIOUS_MOVE = YES;
				CLANG_WARN_UNGUARDED_AVAILABILITY = YES_AGGRESSIVE;
				CLANG_WARN_UNREACHABLE_CODE = YES;
				CLANG_WARN__DUPLICATE_METHOD_MATCH = YES;
				COPY_PHASE_STRIP = NO;
				DEBUG_INFORMATION_FORMAT = "dwarf-with-dsym";
				ENABLE_NS_ASSERTIONS = NO;
				ENABLE_STRICT_OBJC_MSGSEND = YES;
				GCC_C_LANGUAGE_STANDARD = gnu11;
				GCC_NO_COMMON_BLOCKS = YES;
				GCC_WARN_64_TO_32_BIT_CONVERSION = YES;
				GCC_WARN_ABOUT_RETURN_TYPE = YES_ERROR;
				GCC_WARN_UNDECLARED_SELECTOR = YES;
				GCC_WARN_UNINITIALIZED_AUTOS = YES_AGGRESSIVE;
				GCC_WARN_UNUSED_FUNCTION = YES;
				GCC_WARN_UNUSED_VARIABLE = YES;
				IPHONEOS_DEPLOYMENT_TARGET = 15.5;
				MTL_ENABLE_DEBUG_INFO = NO;
				MTL_FAST_MATH = YES;
				SDKROOT = iphoneos;
				SWIFT_COMPILATION_MODE = wholemodule;
				SWIFT_OPTIMIZATION_LEVEL = "-O";
				VALIDATE_PRODUCT = YES;
			};
			name = Release;
		};
		F191F4BA28C3DBC400BFC9AF /* Debug */ = {
			isa = XCBuildConfiguration;
			buildSettings = {
				ASSETCATALOG_COMPILER_APPICON_NAME = AppIcon;
				ASSETCATALOG_COMPILER_GLOBAL_ACCENT_COLOR_NAME = AccentColor;
				CODE_SIGN_STYLE = Automatic;
				CURRENT_PROJECT_VERSION = 1;
				GENERATE_INFOPLIST_FILE = YES;
				INFOPLIST_FILE = FourInARow/Info.plist;
				INFOPLIST_KEY_UIApplicationSupportsIndirectInputEvents = YES;
				INFOPLIST_KEY_UILaunchStoryboardName = LaunchScreen;
				INFOPLIST_KEY_UIMainStoryboardFile = Main;
				INFOPLIST_KEY_UISupportedInterfaceOrientations_iPad = "UIInterfaceOrientationLandscapeLeft UIInterfaceOrientationLandscapeRight";
				INFOPLIST_KEY_UISupportedInterfaceOrientations_iPhone = "UIInterfaceOrientationPortrait UIInterfaceOrientationLandscapeLeft UIInterfaceOrientationLandscapeRight";
				LD_RUNPATH_SEARCH_PATHS = (
					"$(inherited)",
					"@executable_path/Frameworks",
				);
				MARKETING_VERSION = 1.0;
				PRODUCT_BUNDLE_IDENTIFIER = com.iamjdpatel.swift.FourInARow;
				PRODUCT_NAME = "$(TARGET_NAME)";
				SWIFT_EMIT_LOC_STRINGS = YES;
				SWIFT_VERSION = 5.0;
				TARGETED_DEVICE_FAMILY = 2;
			};
			name = Debug;
		};
		F191F4BB28C3DBC400BFC9AF /* Release */ = {
			isa = XCBuildConfiguration;
			buildSettings = {
				ASSETCATALOG_COMPILER_APPICON_NAME = AppIcon;
				ASSETCATALOG_COMPILER_GLOBAL_ACCENT_COLOR_NAME = AccentColor;
				CODE_SIGN_STYLE = Automatic;
				CURRENT_PROJECT_VERSION = 1;
				GENERATE_INFOPLIST_FILE = YES;
				INFOPLIST_FILE = FourInARow/Info.plist;
				INFOPLIST_KEY_UIApplicationSupportsIndirectInputEvents = YES;
				INFOPLIST_KEY_UILaunchStoryboardName = LaunchScreen;
				INFOPLIST_KEY_UIMainStoryboardFile = Main;
				INFOPLIST_KEY_UISupportedInterfaceOrientations_iPad = "UIInterfaceOrientationLandscapeLeft UIInterfaceOrientationLandscapeRight";
				INFOPLIST_KEY_UISupportedInterfaceOrientations_iPhone = "UIInterfaceOrientationPortrait UIInterfaceOrientationLandscapeLeft UIInterfaceOrientationLandscapeRight";
				LD_RUNPATH_SEARCH_PATHS = (
					"$(inherited)",
					"@executable_path/Frameworks",
				);
				MARKETING_VERSION = 1.0;
				PRODUCT_BUNDLE_IDENTIFIER = com.iamjdpatel.swift.FourInARow;
				PRODUCT_NAME = "$(TARGET_NAME)";
				SWIFT_EMIT_LOC_STRINGS = YES;
				SWIFT_VERSION = 5.0;
				TARGETED_DEVICE_FAMILY = 2;
			};
			name = Release;
		};
/* End XCBuildConfiguration section */

/* Begin XCConfigurationList section */
		F191F4A028C3DBC300BFC9AF /* Build configuration list for PBXProject "FourInARow" */ = {
			isa = XCConfigurationList;
			buildConfigurations = (
				F191F4B728C3DBC400BFC9AF /* Debug */,
				F191F4B828C3DBC400BFC9AF /* Release */,
			);
			defaultConfigurationIsVisible = 0;
			defaultConfigurationName = Release;
		};
		F191F4B928C3DBC400BFC9AF /* Build configuration list for PBXNativeTarget "FourInARow" */ = {
			isa = XCConfigurationList;
			buildConfigurations = (
				F191F4BA28C3DBC400BFC9AF /* Debug */,
				F191F4BB28C3DBC400BFC9AF /* Release */,
			);
			defaultConfigurationIsVisible = 0;
			defaultConfigurationName = Release;
		};
/* End XCConfigurationList section */
	};
	rootObject = F191F49D28C3DBC300BFC9AF /* Project object */;
}
