// !$*UTF8*$!
{
	archiveVersion = 1;
	classes = {
	};
	objectVersion = 55;
	objects = {

/* Begin PBXBuildFile section */
		F191F4CF28C7700B00BFC9AF /* AppDelegate.swift in Sources */ = {isa = PBXBuildFile; fileRef = F191F4CE28C7700B00BFC9AF /* AppDelegate.swift */; };
		F191F4D128C7700B00BFC9AF /* GameScene.sks in Resources */ = {isa = PBXBuildFile; fileRef = F191F4D028C7700B00BFC9AF /* GameScene.sks */; };
		F191F4D528C7700B00BFC9AF /* GameScene.swift in Sources */ = {isa = PBXBuildFile; fileRef = F191F4D428C7700B00BFC9AF /* GameScene.swift */; };
		F191F4D728C7700B00BFC9AF /* GameViewController.swift in Sources */ = {isa = PBXBuildFile; fileRef = F191F4D628C7700B00BFC9AF /* GameViewController.swift */; };
		F191F4DA28C7700B00BFC9AF /* Main.storyboard in Resources */ = {isa = PBXBuildFile; fileRef = F191F4D828C7700B00BFC9AF /* Main.storyboard */; };
		F191F4DC28C7700D00BFC9AF /* Assets.xcassets in Resources */ = {isa = PBXBuildFile; fileRef = F191F4DB28C7700D00BFC9AF /* Assets.xcassets */; };
		F191F4DF28C7700D00BFC9AF /* LaunchScreen.storyboard in Resources */ = {isa = PBXBuildFile; fileRef = F191F4DD28C7700D00BFC9AF /* LaunchScreen.storyboard */; };
		F191F4EB28C770E000BFC9AF /* coin.wav in Resources */ = {isa = PBXBuildFile; fileRef = F191F4E628C770E000BFC9AF /* coin.wav */; };
		F191F4EC28C770E000BFC9AF /* PlayerExplosion.sks in Resources */ = {isa = PBXBuildFile; fileRef = F191F4E728C770E000BFC9AF /* PlayerExplosion.sks */; };
		F191F4ED28C770E000BFC9AF /* explosion.wav in Resources */ = {isa = PBXBuildFile; fileRef = F191F4E828C770E000BFC9AF /* explosion.wav */; };
		F191F4EE28C770E000BFC9AF /* spark.png in Resources */ = {isa = PBXBuildFile; fileRef = F191F4E928C770E000BFC9AF /* spark.png */; };
		F191F4EF28C770E000BFC9AF /* music.m4a in Resources */ = {isa = PBXBuildFile; fileRef = F191F4EA28C770E000BFC9AF /* music.m4a */; };
/* End PBXBuildFile section */

/* Begin PBXFileReference section */
		F191F4CB28C7700B00BFC9AF /* FlappyBird.app */ = {isa = PBXFileReference; explicitFileType = wrapper.application; includeInIndex = 0; path = FlappyBird.app; sourceTree = BUILT_PRODUCTS_DIR; };
		F191F4CE28C7700B00BFC9AF /* AppDelegate.swift */ = {isa = PBXFileReference; lastKnownFileType = sourcecode.swift; path = AppDelegate.swift; sourceTree = "<group>"; };
		F191F4D028C7700B00BFC9AF /* GameScene.sks */ = {isa = PBXFileReference; lastKnownFileType = file.sks; path = GameScene.sks; sourceTree = "<group>"; };
		F191F4D428C7700B00BFC9AF /* GameScene.swift */ = {isa = PBXFileReference; lastKnownFileType = sourcecode.swift; path = GameScene.swift; sourceTree = "<group>"; };
		F191F4D628C7700B00BFC9AF /* GameViewController.swift */ = {isa = PBXFileReference; lastKnownFileType = sourcecode.swift; path = GameViewController.swift; sourceTree = "<group>"; };
		F191F4D928C7700B00BFC9AF /* Base */ = {isa = PBXFileReference; lastKnownFileType = file.storyboard; name = Base; path = Base.lproj/Main.storyboard; sourceTree = "<group>"; };
		F191F4DB28C7700D00BFC9AF /* Assets.xcassets */ = {isa = PBXFileReference; lastKnownFileType = folder.assetcatalog; path = Assets.xcassets; sourceTree = "<group>"; };
		F191F4DE28C7700D00BFC9AF /* Base */ = {isa = PBXFileReference; lastKnownFileType = file.storyboard; name = Base; path = Base.lproj/LaunchScreen.storyboard; sourceTree = "<group>"; };
		F191F4E628C770E000BFC9AF /* coin.wav */ = {isa = PBXFileReference; lastKnownFileType = audio.wav; path = coin.wav; sourceTree = "<group>"; };
		F191F4E728C770E000BFC9AF /* PlayerExplosion.sks */ = {isa = PBXFileReference; lastKnownFileType = file.sks; path = PlayerExplosion.sks; sourceTree = "<group>"; };
		F191F4E828C770E000BFC9AF /* explosion.wav */ = {isa = PBXFileReference; lastKnownFileType = audio.wav; path = explosion.wav; sourceTree = "<group>"; };
		F191F4E928C770E000BFC9AF /* spark.png */ = {isa = PBXFileReference; lastKnownFileType = image.png; path = spark.png; sourceTree = "<group>"; };
		F191F4EA28C770E000BFC9AF /* music.m4a */ = {isa = PBXFileReference; lastKnownFileType = file; path = music.m4a; sourceTree = "<group>"; };
/* End PBXFileReference section */

/* Begin PBXFrameworksBuildPhase section */
		F191F4C828C7700B00BFC9AF /* Frameworks */ = {
			isa = PBXFrameworksBuildPhase;
			buildActionMask = 2147483647;
			files = (
			);
			runOnlyForDeploymentPostprocessing = 0;
		};
/* End PBXFrameworksBuildPhase section */

/* Begin PBXGroup section */
		F191F4C228C7700B00BFC9AF = {
			isa = PBXGroup;
			children = (
				F191F4CD28C7700B00BFC9AF /* FlappyBird */,
				F191F4CC28C7700B00BFC9AF /* Products */,
			);
			sourceTree = "<group>";
		};
		F191F4CC28C7700B00BFC9AF /* Products */ = {
			isa = PBXGroup;
			children = (
				F191F4CB28C7700B00BFC9AF /* FlappyBird.app */,
			);
			name = Products;
			sourceTree = "<group>";
		};
		F191F4CD28C7700B00BFC9AF /* FlappyBird */ = {
			isa = PBXGroup;
			children = (
				F191F4E528C770BE00BFC9AF /* Content */,
				F191F4CE28C7700B00BFC9AF /* AppDelegate.swift */,
				F191F4D028C7700B00BFC9AF /* GameScene.sks */,
				F191F4D428C7700B00BFC9AF /* GameScene.swift */,
				F191F4D628C7700B00BFC9AF /* GameViewController.swift */,
				F191F4D828C7700B00BFC9AF /* Main.storyboard */,
				F191F4DB28C7700D00BFC9AF /* Assets.xcassets */,
				F191F4DD28C7700D00BFC9AF /* LaunchScreen.storyboard */,
			);
			path = FlappyBird;
			sourceTree = "<group>";
		};
		F191F4E528C770BE00BFC9AF /* Content */ = {
			isa = PBXGroup;
			children = (
				F191F4E628C770E000BFC9AF /* coin.wav */,
				F191F4E828C770E000BFC9AF /* explosion.wav */,
				F191F4EA28C770E000BFC9AF /* music.m4a */,
				F191F4E728C770E000BFC9AF /* PlayerExplosion.sks */,
				F191F4E928C770E000BFC9AF /* spark.png */,
			);
			path = Content;
			sourceTree = "<group>";
		};
/* End PBXGroup section */

/* Begin PBXNativeTarget section */
		F191F4CA28C7700B00BFC9AF /* FlappyBird */ = {
			isa = PBXNativeTarget;
			buildConfigurationList = F191F4E228C7700D00BFC9AF /* Build configuration list for PBXNativeTarget "FlappyBird" */;
			buildPhases = (
				F191F4C728C7700B00BFC9AF /* Sources */,
				F191F4C828C7700B00BFC9AF /* Frameworks */,
				F191F4C928C7700B00BFC9AF /* Resources */,
			);
			buildRules = (
			);
			dependencies = (
			);
			name = FlappyBird;
			productName = FlappyBird;
			productReference = F191F4CB28C7700B00BFC9AF /* FlappyBird.app */;
			productType = "com.apple.product-type.application";
		};
/* End PBXNativeTarget section */

/* Begin PBXProject section */
		F191F4C328C7700B00BFC9AF /* Project object */ = {
			isa = PBXProject;
			attributes = {
				BuildIndependentTargetsInParallel = 1;
				LastSwiftUpdateCheck = 1340;
				LastUpgradeCheck = 1340;
				TargetAttributes = {
					F191F4CA28C7700B00BFC9AF = {
						CreatedOnToolsVersion = 13.4.1;
					};
				};
			};
			buildConfigurationList = F191F4C628C7700B00BFC9AF /* Build configuration list for PBXProject "FlappyBird" */;
			compatibilityVersion = "Xcode 13.0";
			developmentRegion = en;
			hasScannedForEncodings = 0;
			knownRegions = (
				en,
				Base,
			);
			mainGroup = F191F4C228C7700B00BFC9AF;
			productRefGroup = F191F4CC28C7700B00BFC9AF /* Products */;
			projectDirPath = "";
			projectRoot = "";
			targets = (
				F191F4CA28C7700B00BFC9AF /* FlappyBird */,
			);
		};
/* End PBXProject section */

/* Begin PBXResourcesBuildPhase section */
		F191F4C928C7700B00BFC9AF /* Resources */ = {
			isa = PBXResourcesBuildPhase;
			buildActionMask = 2147483647;
			files = (
				F191F4EC28C770E000BFC9AF /* PlayerExplosion.sks in Resources */,
				F191F4EB28C770E000BFC9AF /* coin.wav in Resources */,
				F191F4EF28C770E000BFC9AF /* music.m4a in Resources */,
				F191F4ED28C770E000BFC9AF /* explosion.wav in Resources */,
				F191F4DA28C7700B00BFC9AF /* Main.storyboard in Resources */,
				F191F4D128C7700B00BFC9AF /* GameScene.sks in Resources */,
				F191F4EE28C770E000BFC9AF /* spark.png in Resources */,
				F191F4DC28C7700D00BFC9AF /* Assets.xcassets in Resources */,
				F191F4DF28C7700D00BFC9AF /* LaunchScreen.storyboard in Resources */,
			);
			runOnlyForDeploymentPostprocessing = 0;
		};
/* End PBXResourcesBuildPhase section */

/* Begin PBXSourcesBuildPhase section */
		F191F4C728C7700B00BFC9AF /* Sources */ = {
			isa = PBXSourcesBuildPhase;
			buildActionMask = 2147483647;
			files = (
				F191F4D528C7700B00BFC9AF /* GameScene.swift in Sources */,
				F191F4D728C7700B00BFC9AF /* GameViewController.swift in Sources */,
				F191F4CF28C7700B00BFC9AF /* AppDelegate.swift in Sources */,
			);
			runOnlyForDeploymentPostprocessing = 0;
		};
/* End PBXSourcesBuildPhase section */

/* Begin PBXVariantGroup section */
		F191F4D828C7700B00BFC9AF /* Main.storyboard */ = {
			isa = PBXVariantGroup;
			children = (
				F191F4D928C7700B00BFC9AF /* Base */,
			);
			name = Main.storyboard;
			sourceTree = "<group>";
		};
		F191F4DD28C7700D00BFC9AF /* LaunchScreen.storyboard */ = {
			isa = PBXVariantGroup;
			children = (
				F191F4DE28C7700D00BFC9AF /* Base */,
			);
			name = LaunchScreen.storyboard;
			sourceTree = "<group>";
		};
/* End PBXVariantGroup section */

/* Begin XCBuildConfiguration section */
		F191F4E028C7700D00BFC9AF /* Debug */ = {
			isa = XCBuildConfiguration;
			buildSettings = {
				ALWAYS_SEARCH_USER_PATHS = NO;
				CLANG_ANALYZER_NONNULL = YES;
				CLANG_ANALYZER_NUMBER_OBJECT_CONVERSION = YES_AGGRESSIVE;
				CLANG_CXX_LANGUAGE_STANDARD = "gnu++17";
				CLANG_ENABLE_MODULES = YES;
				CLANG_ENABLE_OBJC_ARC = YES;
				CLANG_ENABLE_OBJC_WEAK = YES;
				CLANG_WARN_BLOCK_CAPTURE_AUTORELEASING = YES;
				CLANG_WARN_BOOL_CONVERSION = YES;
				CLANG_WARN_COMMA = YES;
				CLANG_WARN_CONSTANT_CONVERSION = YES;
				CLANG_WARN_DEPRECATED_OBJC_IMPLEMENTATIONS = YES;
				CLANG_WARN_DIRECT_OBJC_ISA_USAGE = YES_ERROR;
				CLANG_WARN_DOCUMENTATION_COMMENTS = YES;
				CLANG_WARN_EMPTY_BODY = YES;
				CLANG_WARN_ENUM_CONVERSION = YES;
				CLANG_WARN_INFINITE_RECURSION = YES;
				CLANG_WARN_INT_CONVERSION = YES;
				CLANG_WARN_NON_LITERAL_NULL_CONVERSION = YES;
				CLANG_WARN_OBJC_IMPLICIT_RETAIN_SELF = YES;
				CLANG_WARN_OBJC_LITERAL_CONVERSION = YES;
				CLANG_WARN_OBJC_ROOT_CLASS = YES_ERROR;
				CLANG_WARN_QUOTED_INCLUDE_IN_FRAMEWORK_HEADER = YES;
				CLANG_WARN_RANGE_LOOP_ANALYSIS = YES;
				CLANG_WARN_STRICT_PROTOTYPES = YES;
				CLANG_WARN_SUSPICIOUS_MOVE = YES;
				CLANG_WARN_UNGUARDED_AVAILABILITY = YES_AGGRESSIVE;
				CLANG_WARN_UNREACHABLE_CODE = YES;
				CLANG_WARN__DUPLICATE_METHOD_MATCH = YES;
				COPY_PHASE_STRIP = NO;
				DEBUG_INFORMATION_FORMAT = dwarf;
				ENABLE_STRICT_OBJC_MSGSEND = YES;
				ENABLE_TESTABILITY = YES;
				GCC_C_LANGUAGE_STANDARD = gnu11;
				GCC_DYNAMIC_NO_PIC = NO;
				GCC_NO_COMMON_BLOCKS = YES;
				GCC_OPTIMIZATION_LEVEL = 0;
				GCC_PREPROCESSOR_DEFINITIONS = (
					"DEBUG=1",
					"$(inherited)",
				);
				GCC_WARN_64_TO_32_BIT_CONVERSION = YES;
				GCC_WARN_ABOUT_RETURN_TYPE = YES_ERROR;
				GCC_WARN_UNDECLARED_SELECTOR = YES;
				GCC_WARN_UNINITIALIZED_AUTOS = YES_AGGRESSIVE;
				GCC_WARN_UNUSED_FUNCTION = YES;
				GCC_WARN_UNUSED_VARIABLE = YES;
				IPHONEOS_DEPLOYMENT_TARGET = 15.5;
				MTL_ENABLE_DEBUG_INFO = INCLUDE_SOURCE;
				MTL_FAST_MATH = YES;
				ONLY_ACTIVE_ARCH = YES;
				SDKROOT = iphoneos;
				SWIFT_ACTIVE_COMPILATION_CONDITIONS = DEBUG;
				SWIFT_OPTIMIZATION_LEVEL = "-Onone";
			};
			name = Debug;
		};
		F191F4E128C7700D00BFC9AF /* Release */ = {
			isa = XCBuildConfiguration;
			buildSettings = {
				ALWAYS_SEARCH_USER_PATHS = NO;
				CLANG_ANALYZER_NONNULL = YES;
				CLANG_ANALYZER_NUMBER_OBJECT_CONVERSION = YES_AGGRESSIVE;
				CLANG_CXX_LANGUAGE_STANDARD = "gnu++17";
				CLANG_ENABLE_MODULES = YES;
				CLANG_ENABLE_OBJC_ARC = YES;
				CLANG_ENABLE_OBJC_WEAK = YES;
				CLANG_WARN_BLOCK_CAPTURE_AUTORELEASING = YES;
				CLANG_WARN_BOOL_CONVERSION = YES;
				CLANG_WARN_COMMA = YES;
				CLANG_WARN_CONSTANT_CONVERSION = YES;
				CLANG_WARN_DEPRECATED_OBJC_IMPLEMENTATIONS = YES;
				CLANG_WARN_DIRECT_OBJC_ISA_USAGE = YES_ERROR;
				CLANG_WARN_DOCUMENTATION_COMMENTS = YES;
				CLANG_WARN_EMPTY_BODY = YES;
				CLANG_WARN_ENUM_CONVERSION = YES;
				CLANG_WARN_INFINITE_RECURSION = YES;
				CLANG_WARN_INT_CONVERSION = YES;
				CLANG_WARN_NON_LITERAL_NULL_CONVERSION = YES;
				CLANG_WARN_OBJC_IMPLICIT_RETAIN_SELF = YES;
				CLANG_WARN_OBJC_LITERAL_CONVERSION = YES;
				CLANG_WARN_OBJC_ROOT_CLASS = YES_ERROR;
				CLANG_WARN_QUOTED_INCLUDE_IN_FRAMEWORK_HEADER = YES;
				CLANG_WARN_RANGE_LOOP_ANALYSIS = YES;
				CLANG_WARN_STRICT_PROTOTYPES = YES;
				CLANG_WARN_SUSPICIOUS_MOVE = YES;
				CLANG_WARN_UNGUARDED_AVAILABILITY = YES_AGGRESSIVE;
				CLANG_WARN_UNREACHABLE_CODE = YES;
				CLANG_WARN__DUPLICATE_METHOD_MATCH = YES;
				COPY_PHASE_STRIP = NO;
				DEBUG_INFORMATION_FORMAT = "dwarf-with-dsym";
				ENABLE_NS_ASSERTIONS = NO;
				ENABLE_STRICT_OBJC_MSGSEND = YES;
				GCC_C_LANGUAGE_STANDARD = gnu11;
				GCC_NO_COMMON_BLOCKS = YES;
				GCC_WARN_64_TO_32_BIT_CONVERSION = YES;
				GCC_WARN_ABOUT_RETURN_TYPE = YES_ERROR;
				GCC_WARN_UNDECLARED_SELECTOR = YES;
				GCC_WARN_UNINITIALIZED_AUTOS = YES_AGGRESSIVE;
				GCC_WARN_UNUSED_FUNCTION = YES;
				GCC_WARN_UNUSED_VARIABLE = YES;
				IPHONEOS_DEPLOYMENT_TARGET = 15.5;
				MTL_ENABLE_DEBUG_INFO = NO;
				MTL_FAST_MATH = YES;
				SDKROOT = iphoneos;
				SWIFT_COMPILATION_MODE = wholemodule;
				SWIFT_OPTIMIZATION_LEVEL = "-O";
				VALIDATE_PRODUCT = YES;
			};
			name = Release;
		};
		F191F4E328C7700D00BFC9AF /* Debug */ = {
			isa = XCBuildConfiguration;
			buildSettings = {
				ASSETCATALOG_COMPILER_APPICON_NAME = AppIcon;
				ASSETCATALOG_COMPILER_GLOBAL_ACCENT_COLOR_NAME = AccentColor;
				CODE_SIGN_STYLE = Automatic;
				CURRENT_PROJECT_VERSION = 1;
				GENERATE_INFOPLIST_FILE = YES;
				INFOPLIST_KEY_UIApplicationSupportsIndirectInputEvents = YES;
				INFOPLIST_KEY_UILaunchStoryboardName = LaunchScreen;
				INFOPLIST_KEY_UIMainStoryboardFile = Main;
				INFOPLIST_KEY_UIStatusBarHidden = YES;
				INFOPLIST_KEY_UISupportedInterfaceOrientations_iPad = "UIInterfaceOrientationPortrait UIInterfaceOrientationPortraitUpsideDown UIInterfaceOrientationLandscapeLeft UIInterfaceOrientationLandscapeRight";
				INFOPLIST_KEY_UISupportedInterfaceOrientations_iPhone = "UIInterfaceOrientationPortrait UIInterfaceOrientationLandscapeLeft UIInterfaceOrientationLandscapeRight";
				LD_RUNPATH_SEARCH_PATHS = (
					"$(inherited)",
					"@executable_path/Frameworks",
				);
				MARKETING_VERSION = 1.0;
				PRODUCT_BUNDLE_IDENTIFIER = com.iamjdpatel.swift.FlappyBird;
				PRODUCT_NAME = "$(TARGET_NAME)";
				SWIFT_EMIT_LOC_STRINGS = YES;
				SWIFT_VERSION = 5.0;
				TARGETED_DEVICE_FAMILY = 1;
			};
			name = Debug;
		};
		F191F4E428C7700D00BFC9AF /* Release */ = {
			isa = XCBuildConfiguration;
			buildSettings = {
				ASSETCATALOG_COMPILER_APPICON_NAME = AppIcon;
				ASSETCATALOG_COMPILER_GLOBAL_ACCENT_COLOR_NAME = AccentColor;
				CODE_SIGN_STYLE = Automatic;
				CURRENT_PROJECT_VERSION = 1;
				GENERATE_INFOPLIST_FILE = YES;
				INFOPLIST_KEY_UIApplicationSupportsIndirectInputEvents = YES;
				INFOPLIST_KEY_UILaunchStoryboardName = LaunchScreen;
				INFOPLIST_KEY_UIMainStoryboardFile = Main;
				INFOPLIST_KEY_UIStatusBarHidden = YES;
				INFOPLIST_KEY_UISupportedInterfaceOrientations_iPad = "UIInterfaceOrientationPortrait UIInterfaceOrientationPortraitUpsideDown UIInterfaceOrientationLandscapeLeft UIInterfaceOrientationLandscapeRight";
				INFOPLIST_KEY_UISupportedInterfaceOrientations_iPhone = "UIInterfaceOrientationPortrait UIInterfaceOrientationLandscapeLeft UIInterfaceOrientationLandscapeRight";
				LD_RUNPATH_SEARCH_PATHS = (
					"$(inherited)",
					"@executable_path/Frameworks",
				);
				MARKETING_VERSION = 1.0;
				PRODUCT_BUNDLE_IDENTIFIER = com.iamjdpatel.swift.FlappyBird;
				PRODUCT_NAME = "$(TARGET_NAME)";
				SWIFT_EMIT_LOC_STRINGS = YES;
				SWIFT_VERSION = 5.0;
				TARGETED_DEVICE_FAMILY = 1;
			};
			name = Release;
		};
/* End XCBuildConfiguration section */

/* Begin XCConfigurationList section */
		F191F4C628C7700B00BFC9AF /* Build configuration list for PBXProject "FlappyBird" */ = {
			isa = XCConfigurationList;
			buildConfigurations = (
				F191F4E028C7700D00BFC9AF /* Debug */,
				F191F4E128C7700D00BFC9AF /* Release */,
			);
			defaultConfigurationIsVisible = 0;
			defaultConfigurationName = Release;
		};
		F191F4E228C7700D00BFC9AF /* Build configuration list for PBXNativeTarget "FlappyBird" */ = {
			isa = XCConfigurationList;
			buildConfigurations = (
				F191F4E328C7700D00BFC9AF /* Debug */,
				F191F4E428C7700D00BFC9AF /* Release */,
			);
			defaultConfigurationIsVisible = 0;
			defaultConfigurationName = Release;
		};
/* End XCConfigurationList section */
	};
	rootObject = F191F4C328C7700B00BFC9AF /* Project object */;
}
