// !$*UTF8*$!
{
	archiveVersion = 1;
	classes = {
	};
	objectVersion = 55;
	objects = {

/* Begin PBXBuildFile section */
		F11F3C9828C9DBAF00FAAD83 /* AppDelegate.swift in Sources */ = {isa = PBXBuildFile; fileRef = F11F3C9728C9DBAF00FAAD83 /* AppDelegate.swift */; };
		F11F3C9A28C9DBAF00FAAD83 /* SceneDelegate.swift in Sources */ = {isa = PBXBuildFile; fileRef = F11F3C9928C9DBAF00FAAD83 /* SceneDelegate.swift */; };
		F11F3C9C28C9DBAF00FAAD83 /* ViewController.swift in Sources */ = {isa = PBXBuildFile; fileRef = F11F3C9B28C9DBAF00FAAD83 /* ViewController.swift */; };
		F11F3C9F28C9DBAF00FAAD83 /* Main.storyboard in Resources */ = {isa = PBXBuildFile; fileRef = F11F3C9D28C9DBAF00FAAD83 /* Main.storyboard */; };
		F11F3CA128C9DBB000FAAD83 /* Assets.xcassets in Resources */ = {isa = PBXBuildFile; fileRef = F11F3CA028C9DBB000FAAD83 /* Assets.xcassets */; };
		F11F3CA428C9DBB000FAAD83 /* LaunchScreen.storyboard in Resources */ = {isa = PBXBuildFile; fileRef = F11F3CA228C9DBB000FAAD83 /* LaunchScreen.storyboard */; };
		F11F3CAC28C9DBB900FAAD83 /* SwiftyJSON.swift in Sources */ = {isa = PBXBuildFile; fileRef = F11F3CAB28C9DBB900FAAD83 /* SwiftyJSON.swift */; };
		F11F3CAE28C9DC8100FAAD83 /* DetailViewController.swift in Sources */ = {isa = PBXBuildFile; fileRef = F11F3CAD28C9DC8100FAAD83 /* DetailViewController.swift */; };
		F11F3CB128C9DCF600FAAD83 /* GitHubCommits.xcdatamodeld in Sources */ = {isa = PBXBuildFile; fileRef = F11F3CAF28C9DCF600FAAD83 /* GitHubCommits.xcdatamodeld */; };
		F11F3CB428C9E0BF00FAAD83 /* Commit+CoreDataClass.swift in Sources */ = {isa = PBXBuildFile; fileRef = F11F3CB228C9E0BF00FAAD83 /* Commit+CoreDataClass.swift */; };
		F11F3CB528C9E0BF00FAAD83 /* Commit+CoreDataProperties.swift in Sources */ = {isa = PBXBuildFile; fileRef = F11F3CB328C9E0BF00FAAD83 /* Commit+CoreDataProperties.swift */; };
/* End PBXBuildFile section */

/* Begin PBXFileReference section */
		F11F3C9428C9DBAF00FAAD83 /* GitHubCommits.app */ = {isa = PBXFileReference; explicitFileType = wrapper.application; includeInIndex = 0; path = GitHubCommits.app; sourceTree = BUILT_PRODUCTS_DIR; };
		F11F3C9728C9DBAF00FAAD83 /* AppDelegate.swift */ = {isa = PBXFileReference; lastKnownFileType = sourcecode.swift; path = AppDelegate.swift; sourceTree = "<group>"; };
		F11F3C9928C9DBAF00FAAD83 /* SceneDelegate.swift */ = {isa = PBXFileReference; lastKnownFileType = sourcecode.swift; path = SceneDelegate.swift; sourceTree = "<group>"; };
		F11F3C9B28C9DBAF00FAAD83 /* ViewController.swift */ = {isa = PBXFileReference; lastKnownFileType = sourcecode.swift; path = ViewController.swift; sourceTree = "<group>"; };
		F11F3C9E28C9DBAF00FAAD83 /* Base */ = {isa = PBXFileReference; lastKnownFileType = file.storyboard; name = Base; path = Base.lproj/Main.storyboard; sourceTree = "<group>"; };
		F11F3CA028C9DBB000FAAD83 /* Assets.xcassets */ = {isa = PBXFileReference; lastKnownFileType = folder.assetcatalog; path = Assets.xcassets; sourceTree = "<group>"; };
		F11F3CA328C9DBB000FAAD83 /* Base */ = {isa = PBXFileReference; lastKnownFileType = file.storyboard; name = Base; path = Base.lproj/LaunchScreen.storyboard; sourceTree = "<group>"; };
		F11F3CA528C9DBB000FAAD83 /* Info.plist */ = {isa = PBXFileReference; lastKnownFileType = text.plist.xml; path = Info.plist; sourceTree = "<group>"; };
		F11F3CAB28C9DBB900FAAD83 /* SwiftyJSON.swift */ = {isa = PBXFileReference; fileEncoding = 4; lastKnownFileType = sourcecode.swift; path = SwiftyJSON.swift; sourceTree = "<group>"; };
		F11F3CAD28C9DC8100FAAD83 /* DetailViewController.swift */ = {isa = PBXFileReference; lastKnownFileType = sourcecode.swift; path = DetailViewController.swift; sourceTree = "<group>"; };
		F11F3CB028C9DCF600FAAD83 /* GitHubCommits.xcdatamodel */ = {isa = PBXFileReference; lastKnownFileType = wrapper.xcdatamodel; path = GitHubCommits.xcdatamodel; sourceTree = "<group>"; };
		F11F3CB228C9E0BF00FAAD83 /* Commit+CoreDataClass.swift */ = {isa = PBXFileReference; lastKnownFileType = sourcecode.swift; path = "Commit+CoreDataClass.swift"; sourceTree = SOURCE_ROOT; };
		F11F3CB328C9E0BF00FAAD83 /* Commit+CoreDataProperties.swift */ = {isa = PBXFileReference; lastKnownFileType = sourcecode.swift; path = "Commit+CoreDataProperties.swift"; sourceTree = SOURCE_ROOT; };
/* End PBXFileReference section */

/* Begin PBXFrameworksBuildPhase section */
		F11F3C9128C9DBAF00FAAD83 /* Frameworks */ = {
			isa = PBXFrameworksBuildPhase;
			buildActionMask = 2147483647;
			files = (
			);
			runOnlyForDeploymentPostprocessing = 0;
		};
/* End PBXFrameworksBuildPhase section */

/* Begin PBXGroup section */
		F11F3C8B28C9DBAF00FAAD83 = {
			isa = PBXGroup;
			children = (
				F11F3C9628C9DBAF00FAAD83 /* GitHubCommits */,
				F11F3C9528C9DBAF00FAAD83 /* Products */,
			);
			sourceTree = "<group>";
		};
		F11F3C9528C9DBAF00FAAD83 /* Products */ = {
			isa = PBXGroup;
			children = (
				F11F3C9428C9DBAF00FAAD83 /* GitHubCommits.app */,
			);
			name = Products;
			sourceTree = "<group>";
		};
		F11F3C9628C9DBAF00FAAD83 /* GitHubCommits */ = {
			isa = PBXGroup;
			children = (
				F11F3CB228C9E0BF00FAAD83 /* Commit+CoreDataClass.swift */,
				F11F3CB328C9E0BF00FAAD83 /* Commit+CoreDataProperties.swift */,
				F11F3CAB28C9DBB900FAAD83 /* SwiftyJSON.swift */,
				F11F3C9728C9DBAF00FAAD83 /* AppDelegate.swift */,
				F11F3C9928C9DBAF00FAAD83 /* SceneDelegate.swift */,
				F11F3C9B28C9DBAF00FAAD83 /* ViewController.swift */,
				F11F3CAF28C9DCF600FAAD83 /* GitHubCommits.xcdatamodeld */,
				F11F3CAD28C9DC8100FAAD83 /* DetailViewController.swift */,
				F11F3C9D28C9DBAF00FAAD83 /* Main.storyboard */,
				F11F3CA028C9DBB000FAAD83 /* Assets.xcassets */,
				F11F3CA228C9DBB000FAAD83 /* LaunchScreen.storyboard */,
				F11F3CA528C9DBB000FAAD83 /* Info.plist */,
			);
			path = GitHubCommits;
			sourceTree = "<group>";
		};
/* End PBXGroup section */

/* Begin PBXNativeTarget section */
		F11F3C9328C9DBAF00FAAD83 /* GitHubCommits */ = {
			isa = PBXNativeTarget;
			buildConfigurationList = F11F3CA828C9DBB000FAAD83 /* Build configuration list for PBXNativeTarget "GitHubCommits" */;
			buildPhases = (
				F11F3C9028C9DBAF00FAAD83 /* Sources */,
				F11F3C9128C9DBAF00FAAD83 /* Frameworks */,
				F11F3C9228C9DBAF00FAAD83 /* Resources */,
			);
			buildRules = (
			);
			dependencies = (
			);
			name = GitHubCommits;
			productName = GitHubCommits;
			productReference = F11F3C9428C9DBAF00FAAD83 /* GitHubCommits.app */;
			productType = "com.apple.product-type.application";
		};
/* End PBXNativeTarget section */

/* Begin PBXProject section */
		F11F3C8C28C9DBAF00FAAD83 /* Project object */ = {
			isa = PBXProject;
			attributes = {
				BuildIndependentTargetsInParallel = 1;
				LastSwiftUpdateCheck = 1340;
				LastUpgradeCheck = 1340;
				TargetAttributes = {
					F11F3C9328C9DBAF00FAAD83 = {
						CreatedOnToolsVersion = 13.4.1;
					};
				};
			};
			buildConfigurationList = F11F3C8F28C9DBAF00FAAD83 /* Build configuration list for PBXProject "GitHubCommits" */;
			compatibilityVersion = "Xcode 13.0";
			developmentRegion = en;
			hasScannedForEncodings = 0;
			knownRegions = (
				en,
				Base,
			);
			mainGroup = F11F3C8B28C9DBAF00FAAD83;
			productRefGroup = F11F3C9528C9DBAF00FAAD83 /* Products */;
			projectDirPath = "";
			projectRoot = "";
			targets = (
				F11F3C9328C9DBAF00FAAD83 /* GitHubCommits */,
			);
		};
/* End PBXProject section */

/* Begin PBXResourcesBuildPhase section */
		F11F3C9228C9DBAF00FAAD83 /* Resources */ = {
			isa = PBXResourcesBuildPhase;
			buildActionMask = 2147483647;
			files = (
				F11F3CA428C9DBB000FAAD83 /* LaunchScreen.storyboard in Resources */,
				F11F3CA128C9DBB000FAAD83 /* Assets.xcassets in Resources */,
				F11F3C9F28C9DBAF00FAAD83 /* Main.storyboard in Resources */,
			);
			runOnlyForDeploymentPostprocessing = 0;
		};
/* End PBXResourcesBuildPhase section */

/* Begin PBXSourcesBuildPhase section */
		F11F3C9028C9DBAF00FAAD83 /* Sources */ = {
			isa = PBXSourcesBuildPhase;
			buildActionMask = 2147483647;
			files = (
				F11F3C9C28C9DBAF00FAAD83 /* ViewController.swift in Sources */,
				F11F3CB428C9E0BF00FAAD83 /* Commit+CoreDataClass.swift in Sources */,
				F11F3CB128C9DCF600FAAD83 /* GitHubCommits.xcdatamodeld in Sources */,
				F11F3C9828C9DBAF00FAAD83 /* AppDelegate.swift in Sources */,
				F11F3CAE28C9DC8100FAAD83 /* DetailViewController.swift in Sources */,
				F11F3C9A28C9DBAF00FAAD83 /* SceneDelegate.swift in Sources */,
				F11F3CB528C9E0BF00FAAD83 /* Commit+CoreDataProperties.swift in Sources */,
				F11F3CAC28C9DBB900FAAD83 /* SwiftyJSON.swift in Sources */,
			);
			runOnlyForDeploymentPostprocessing = 0;
		};
/* End PBXSourcesBuildPhase section */

/* Begin PBXVariantGroup section */
		F11F3C9D28C9DBAF00FAAD83 /* Main.storyboard */ = {
			isa = PBXVariantGroup;
			children = (
				F11F3C9E28C9DBAF00FAAD83 /* Base */,
			);
			name = Main.storyboard;
			sourceTree = "<group>";
		};
		F11F3CA228C9DBB000FAAD83 /* LaunchScreen.storyboard */ = {
			isa = PBXVariantGroup;
			children = (
				F11F3CA328C9DBB000FAAD83 /* Base */,
			);
			name = LaunchScreen.storyboard;
			sourceTree = "<group>";
		};
/* End PBXVariantGroup section */

/* Begin XCBuildConfiguration section */
		F11F3CA628C9DBB000FAAD83 /* Debug */ = {
			isa = XCBuildConfiguration;
			buildSettings = {
				ALWAYS_SEARCH_USER_PATHS = NO;
				CLANG_ANALYZER_NONNULL = YES;
				CLANG_ANALYZER_NUMBER_OBJECT_CONVERSION = YES_AGGRESSIVE;
				CLANG_CXX_LANGUAGE_STANDARD = "gnu++17";
				CLANG_ENABLE_MODULES = YES;
				CLANG_ENABLE_OBJC_ARC = YES;
				CLANG_ENABLE_OBJC_WEAK = YES;
				CLANG_WARN_BLOCK_CAPTURE_AUTORELEASING = YES;
				CLANG_WARN_BOOL_CONVERSION = YES;
				CLANG_WARN_COMMA = YES;
				CLANG_WARN_CONSTANT_CONVERSION = YES;
				CLANG_WARN_DEPRECATED_OBJC_IMPLEMENTATIONS = YES;
				CLANG_WARN_DIRECT_OBJC_ISA_USAGE = YES_ERROR;
				CLANG_WARN_DOCUMENTATION_COMMENTS = YES;
				CLANG_WARN_EMPTY_BODY = YES;
				CLANG_WARN_ENUM_CONVERSION = YES;
				CLANG_WARN_INFINITE_RECURSION = YES;
				CLANG_WARN_INT_CONVERSION = YES;
				CLANG_WARN_NON_LITERAL_NULL_CONVERSION = YES;
				CLANG_WARN_OBJC_IMPLICIT_RETAIN_SELF = YES;
				CLANG_WARN_OBJC_LITERAL_CONVERSION = YES;
				CLANG_WARN_OBJC_ROOT_CLASS = YES_ERROR;
				CLANG_WARN_QUOTED_INCLUDE_IN_FRAMEWORK_HEADER = YES;
				CLANG_WARN_RANGE_LOOP_ANALYSIS = YES;
				CLANG_WARN_STRICT_PROTOTYPES = YES;
				CLANG_WARN_SUSPICIOUS_MOVE = YES;
				CLANG_WARN_UNGUARDED_AVAILABILITY = YES_AGGRESSIVE;
				CLANG_WARN_UNREACHABLE_CODE = YES;
				CLANG_WARN__DUPLICATE_METHOD_MATCH = YES;
				COPY_PHASE_STRIP = NO;
				DEBUG_INFORMATION_FORMAT = dwarf;
				ENABLE_STRICT_OBJC_MSGSEND = YES;
				ENABLE_TESTABILITY = YES;
				GCC_C_LANGUAGE_STANDARD = gnu11;
				GCC_DYNAMIC_NO_PIC = NO;
				GCC_NO_COMMON_BLOCKS = YES;
				GCC_OPTIMIZATION_LEVEL = 0;
				GCC_PREPROCESSOR_DEFINITIONS = (
					"DEBUG=1",
					"$(inherited)",
				);
				GCC_WARN_64_TO_32_BIT_CONVERSION = YES;
				GCC_WARN_ABOUT_RETURN_TYPE = YES_ERROR;
				GCC_WARN_UNDECLARED_SELECTOR = YES;
				GCC_WARN_UNINITIALIZED_AUTOS = YES_AGGRESSIVE;
				GCC_WARN_UNUSED_FUNCTION = YES;
				GCC_WARN_UNUSED_VARIABLE = YES;
				IPHONEOS_DEPLOYMENT_TARGET = 15.5;
				MTL_ENABLE_DEBUG_INFO = INCLUDE_SOURCE;
				MTL_FAST_MATH = YES;
				ONLY_ACTIVE_ARCH = YES;
				SDKROOT = iphoneos;
				SWIFT_ACTIVE_COMPILATION_CONDITIONS = DEBUG;
				SWIFT_OPTIMIZATION_LEVEL = "-Onone";
			};
			name = Debug;
		};
		F11F3CA728C9DBB000FAAD83 /* Release */ = {
			isa = XCBuildConfiguration;
			buildSettings = {
				ALWAYS_SEARCH_USER_PATHS = NO;
				CLANG_ANALYZER_NONNULL = YES;
				CLANG_ANALYZER_NUMBER_OBJECT_CONVERSION = YES_AGGRESSIVE;
				CLANG_CXX_LANGUAGE_STANDARD = "gnu++17";
				CLANG_ENABLE_MODULES = YES;
				CLANG_ENABLE_OBJC_ARC = YES;
				CLANG_ENABLE_OBJC_WEAK = YES;
				CLANG_WARN_BLOCK_CAPTURE_AUTORELEASING = YES;
				CLANG_WARN_BOOL_CONVERSION = YES;
				CLANG_WARN_COMMA = YES;
				CLANG_WARN_CONSTANT_CONVERSION = YES;
				CLANG_WARN_DEPRECATED_OBJC_IMPLEMENTATIONS = YES;
				CLANG_WARN_DIRECT_OBJC_ISA_USAGE = YES_ERROR;
				CLANG_WARN_DOCUMENTATION_COMMENTS = YES;
				CLANG_WARN_EMPTY_BODY = YES;
				CLANG_WARN_ENUM_CONVERSION = YES;
				CLANG_WARN_INFINITE_RECURSION = YES;
				CLANG_WARN_INT_CONVERSION = YES;
				CLANG_WARN_NON_LITERAL_NULL_CONVERSION = YES;
				CLANG_WARN_OBJC_IMPLICIT_RETAIN_SELF = YES;
				CLANG_WARN_OBJC_LITERAL_CONVERSION = YES;
				CLANG_WARN_OBJC_ROOT_CLASS = YES_ERROR;
				CLANG_WARN_QUOTED_INCLUDE_IN_FRAMEWORK_HEADER = YES;
				CLANG_WARN_RANGE_LOOP_ANALYSIS = YES;
				CLANG_WARN_STRICT_PROTOTYPES = YES;
				CLANG_WARN_SUSPICIOUS_MOVE = YES;
				CLANG_WARN_UNGUARDED_AVAILABILITY = YES_AGGRESSIVE;
				CLANG_WARN_UNREACHABLE_CODE = YES;
				CLANG_WARN__DUPLICATE_METHOD_MATCH = YES;
				COPY_PHASE_STRIP = NO;
				DEBUG_INFORMATION_FORMAT = "dwarf-with-dsym";
				ENABLE_NS_ASSERTIONS = NO;
				ENABLE_STRICT_OBJC_MSGSEND = YES;
				GCC_C_LANGUAGE_STANDARD = gnu11;
				GCC_NO_COMMON_BLOCKS = YES;
				GCC_WARN_64_TO_32_BIT_CONVERSION = YES;
				GCC_WARN_ABOUT_RETURN_TYPE = YES_ERROR;
				GCC_WARN_UNDECLARED_SELECTOR = YES;
				GCC_WARN_UNINITIALIZED_AUTOS = YES_AGGRESSIVE;
				GCC_WARN_UNUSED_FUNCTION = YES;
				GCC_WARN_UNUSED_VARIABLE = YES;
				IPHONEOS_DEPLOYMENT_TARGET = 15.5;
				MTL_ENABLE_DEBUG_INFO = NO;
				MTL_FAST_MATH = YES;
				SDKROOT = iphoneos;
				SWIFT_COMPILATION_MODE = wholemodule;
				SWIFT_OPTIMIZATION_LEVEL = "-O";
				VALIDATE_PRODUCT = YES;
			};
			name = Release;
		};
		F11F3CA928C9DBB000FAAD83 /* Debug */ = {
			isa = XCBuildConfiguration;
			buildSettings = {
				ASSETCATALOG_COMPILER_APPICON_NAME = AppIcon;
				ASSETCATALOG_COMPILER_GLOBAL_ACCENT_COLOR_NAME = AccentColor;
				CODE_SIGN_STYLE = Automatic;
				CURRENT_PROJECT_VERSION = 1;
				GENERATE_INFOPLIST_FILE = YES;
				INFOPLIST_FILE = GitHubCommits/Info.plist;
				INFOPLIST_KEY_UIApplicationSupportsIndirectInputEvents = YES;
				INFOPLIST_KEY_UILaunchStoryboardName = LaunchScreen;
				INFOPLIST_KEY_UIMainStoryboardFile = Main;
				INFOPLIST_KEY_UISupportedInterfaceOrientations_iPad = "UIInterfaceOrientationPortrait UIInterfaceOrientationPortraitUpsideDown UIInterfaceOrientationLandscapeLeft UIInterfaceOrientationLandscapeRight";
				INFOPLIST_KEY_UISupportedInterfaceOrientations_iPhone = "UIInterfaceOrientationPortrait UIInterfaceOrientationLandscapeLeft UIInterfaceOrientationLandscapeRight";
				LD_RUNPATH_SEARCH_PATHS = (
					"$(inherited)",
					"@executable_path/Frameworks",
				);
				MARKETING_VERSION = 1.0;
				PRODUCT_BUNDLE_IDENTIFIER = com.iamjdpatel.swift.GitHubCommits;
				PRODUCT_NAME = "$(TARGET_NAME)";
				SWIFT_EMIT_LOC_STRINGS = YES;
				SWIFT_VERSION = 5.0;
				TARGETED_DEVICE_FAMILY = "1,2";
			};
			name = Debug;
		};
		F11F3CAA28C9DBB000FAAD83 /* Release */ = {
			isa = XCBuildConfiguration;
			buildSettings = {
				ASSETCATALOG_COMPILER_APPICON_NAME = AppIcon;
				ASSETCATALOG_COMPILER_GLOBAL_ACCENT_COLOR_NAME = AccentColor;
				CODE_SIGN_STYLE = Automatic;
				CURRENT_PROJECT_VERSION = 1;
				GENERATE_INFOPLIST_FILE = YES;
				INFOPLIST_FILE = GitHubCommits/Info.plist;
				INFOPLIST_KEY_UIApplicationSupportsIndirectInputEvents = YES;
				INFOPLIST_KEY_UILaunchStoryboardName = LaunchScreen;
				INFOPLIST_KEY_UIMainStoryboardFile = Main;
				INFOPLIST_KEY_UISupportedInterfaceOrientations_iPad = "UIInterfaceOrientationPortrait UIInterfaceOrientationPortraitUpsideDown UIInterfaceOrientationLandscapeLeft UIInterfaceOrientationLandscapeRight";
				INFOPLIST_KEY_UISupportedInterfaceOrientations_iPhone = "UIInterfaceOrientationPortrait UIInterfaceOrientationLandscapeLeft UIInterfaceOrientationLandscapeRight";
				LD_RUNPATH_SEARCH_PATHS = (
					"$(inherited)",
					"@executable_path/Frameworks",
				);
				MARKETING_VERSION = 1.0;
				PRODUCT_BUNDLE_IDENTIFIER = com.iamjdpatel.swift.GitHubCommits;
				PRODUCT_NAME = "$(TARGET_NAME)";
				SWIFT_EMIT_LOC_STRINGS = YES;
				SWIFT_VERSION = 5.0;
				TARGETED_DEVICE_FAMILY = "1,2";
			};
			name = Release;
		};
/* End XCBuildConfiguration section */

/* Begin XCConfigurationList section */
		F11F3C8F28C9DBAF00FAAD83 /* Build configuration list for PBXProject "GitHubCommits" */ = {
			isa = XCConfigurationList;
			buildConfigurations = (
				F11F3CA628C9DBB000FAAD83 /* Debug */,
				F11F3CA728C9DBB000FAAD83 /* Release */,
			);
			defaultConfigurationIsVisible = 0;
			defaultConfigurationName = Release;
		};
		F11F3CA828C9DBB000FAAD83 /* Build configuration list for PBXNativeTarget "GitHubCommits" */ = {
			isa = XCConfigurationList;
			buildConfigurations = (
				F11F3CA928C9DBB000FAAD83 /* Debug */,
				F11F3CAA28C9DBB000FAAD83 /* Release */,
			);
			defaultConfigurationIsVisible = 0;
			defaultConfigurationName = Release;
		};
/* End XCConfigurationList section */

/* Begin XCVersionGroup section */
		F11F3CAF28C9DCF600FAAD83 /* GitHubCommits.xcdatamodeld */ = {
			isa = XCVersionGroup;
			children = (
				F11F3CB028C9DCF600FAAD83 /* GitHubCommits.xcdatamodel */,
			);
			currentVersion = F11F3CB028C9DCF600FAAD83 /* GitHubCommits.xcdatamodel */;
			path = GitHubCommits.xcdatamodeld;
			sourceTree = "<group>";
			versionGroupType = wrapper.xcdatamodel;
		};
/* End XCVersionGroup section */
	};
	rootObject = F11F3C8C28C9DBAF00FAAD83 /* Project object */;
}
